
Microsoft Visual Studio Solution File, Format Version 12.00
# Visual Studio Version 16
VisualStudioVersion = 16.0.28407.52
MinimumVisualStudioVersion = 10.0.40219.1
Project("{FAE04EC0-301F-11D3-BF4B-00C04F79EFBC}") = "TechieShell.Android", "TechieShell\TechieShell.Android\TechieShell.Android.csproj", "{07BEEAC4-28D8-43C9-8214-39BDF01B6C9A}"
EndProject
Project("{FAE04EC0-301F-11D3-BF4B-00C04F79EFBC}") = "TechieShell.iOS", "TechieShell\TechieShell.iOS\TechieShell.iOS.csproj", "{5E8A9E8B-AD0D-4085-B55D-ECE3C9077F0B}"
EndProject
Project("{9A19103F-16F7-4668-BE54-9A1E7A4F7556}") = "TechieShell", "TechieShell\TechieShell\TechieShell.csproj", "{C91135B8-58CC-4BFE-B70B-F96C53802C3B}"
EndProject
Global
	GlobalSection(SolutionConfigurationPlatforms) = preSolution
		Ad-Hoc|Any CPU = Ad-Hoc|Any CPU
		Ad-Hoc|iPhone = Ad-Hoc|iPhone
		Ad-Hoc|iPhoneSimulator = Ad-Hoc|iPhoneSimulator
		AppStore|Any CPU = AppStore|Any CPU
		AppStore|iPhone = AppStore|iPhone
		AppStore|iPhoneSimulator = AppStore|iPhoneSimulator
		Debug|Any CPU = Debug|Any CPU
		Debug|iPhone = Debug|iPhone
		Debug|iPhoneSimulator = Debug|iPhoneSimulator
		Release|Any CPU = Release|Any CPU
		Release|iPhone = Release|iPhone
		Release|iPhoneSimulator = Release|iPhoneSimulator
	EndGlobalSection
	GlobalSection(ProjectConfigurationPlatforms) = postSolution
		{07BEEAC4-28D8-43C9-8214-39BDF01B6C9A}.Ad-Hoc|Any CPU.ActiveCfg = Release|Any CPU
		{07BEEAC4-28D8-43C9-8214-39BDF01B6C9A}.Ad-Hoc|Any CPU.Build.0 = Release|Any CPU
		{07BEEAC4-28D8-43C9-8214-39BDF01B6C9A}.Ad-Hoc|Any CPU.Deploy.0 = Release|Any CPU
		{07BEEAC4-28D8-43C9-8214-39BDF01B6C9A}.Ad-Hoc|iPhone.ActiveCfg = Release|Any CPU
		{07BEEAC4-28D8-43C9-8214-39BDF01B6C9A}.Ad-Hoc|iPhone.Build.0 = Release|Any CPU
		{07BEEAC4-28D8-43C9-8214-39BDF01B6C9A}.Ad-Hoc|iPhone.Deploy.0 = Release|Any CPU
		{07BEEAC4-28D8-43C9-8214-39BDF01B6C9A}.Ad-Hoc|iPhoneSimulator.ActiveCfg = Release|Any CPU
		{07BEEAC4-28D8-43C9-8214-39BDF01B6C9A}.Ad-Hoc|iPhoneSimulator.Build.0 = Release|Any CPU
		{07BEEAC4-28D8-43C9-8214-39BDF01B6C9A}.Ad-Hoc|iPhoneSimulator.Deploy.0 = Release|Any CPU
		{07BEEAC4-28D8-43C9-8214-39BDF01B6C9A}.AppStore|Any CPU.ActiveCfg = Release|Any CPU
		{07BEEAC4-28D8-43C9-8214-39BDF01B6C9A}.AppStore|Any CPU.Build.0 = Release|Any CPU
		{07BEEAC4-28D8-43C9-8214-39BDF01B6C9A}.AppStore|Any CPU.Deploy.0 = Release|Any CPU
		{07BEEAC4-28D8-43C9-8214-39BDF01B6C9A}.AppStore|iPhone.ActiveCfg = Release|Any CPU
		{07BEEAC4-28D8-43C9-8214-39BDF01B6C9A}.AppStore|iPhone.Build.0 = Release|Any CPU
		{07BEEAC4-28D8-43C9-8214-39BDF01B6C9A}.AppStore|iPhone.Deploy.0 = Release|Any CPU
		{07BEEAC4-28D8-43C9-8214-39BDF01B6C9A}.AppStore|iPhoneSimulator.ActiveCfg = Release|Any CPU
		{07BEEAC4-28D8-43C9-8214-39BDF01B6C9A}.AppStore|iPhoneSimulator.Build.0 = Release|Any CPU
		{07BEEAC4-28D8-43C9-8214-39BDF01B6C9A}.AppStore|iPhoneSimulator.Deploy.0 = Release|Any CPU
		{07BEEAC4-28D8-43C9-8214-39BDF01B6C9A}.Debug|Any CPU.ActiveCfg = Debug|Any CPU
		{07BEEAC4-28D8-43C9-8214-39BDF01B6C9A}.Debug|Any CPU.Build.0 = Debug|Any CPU
		{07BEEAC4-28D8-43C9-8214-39BDF01B6C9A}.Debug|Any CPU.Deploy.0 = Debug|Any CPU
		{07BEEAC4-28D8-43C9-8214-39BDF01B6C9A}.Debug|iPhone.ActiveCfg = Debug|Any CPU
		{07BEEAC4-28D8-43C9-8214-39BDF01B6C9A}.Debug|iPhone.Build.0 = Debug|Any CPU
		{07BEEAC4-28D8-43C9-8214-39BDF01B6C9A}.Debug|iPhone.Deploy.0 = Debug|Any CPU
		{07BEEAC4-28D8-43C9-8214-39BDF01B6C9A}.Debug|iPhoneSimulator.ActiveCfg = Debug|Any CPU
		{07BEEAC4-28D8-43C9-8214-39BDF01B6C9A}.Debug|iPhoneSimulator.Build.0 = Debug|Any CPU
		{07BEEAC4-28D8-43C9-8214-39BDF01B6C9A}.Debug|iPhoneSimulator.Deploy.0 = Debug|Any CPU
		{07BEEAC4-28D8-43C9-8214-39BDF01B6C9A}.Release|Any CPU.ActiveCfg = Release|Any CPU
		{07BEEAC4-28D8-43C9-8214-39BDF01B6C9A}.Release|Any CPU.Build.0 = Release|Any CPU
		{07BEEAC4-28D8-43C9-8214-39BDF01B6C9A}.Release|Any CPU.Deploy.0 = Release|Any CPU
		{07BEEAC4-28D8-43C9-8214-39BDF01B6C9A}.Release|iPhone.ActiveCfg = Release|Any CPU
		{07BEEAC4-28D8-43C9-8214-39BDF01B6C9A}.Release|iPhone.Build.0 = Release|Any CPU
		{07BEEAC4-28D8-43C9-8214-39BDF01B6C9A}.Release|iPhone.Deploy.0 = Release|Any CPU
		{07BEEAC4-28D8-43C9-8214-39BDF01B6C9A}.Release|iPhoneSimulator.ActiveCfg = Release|Any CPU
		{07BEEAC4-28D8-43C9-8214-39BDF01B6C9A}.Release|iPhoneSimulator.Build.0 = Release|Any CPU
		{07BEEAC4-28D8-43C9-8214-39BDF01B6C9A}.Release|iPhoneSimulator.Deploy.0 = Release|Any CPU
		{5E8A9E8B-AD0D-4085-B55D-ECE3C9077F0B}.Ad-Hoc|Any CPU.ActiveCfg = Ad-Hoc|iPhone
		{5E8A9E8B-AD0D-4085-B55D-ECE3C9077F0B}.Ad-Hoc|Any CPU.Build.0 = Ad-Hoc|iPhone
		{5E8A9E8B-AD0D-4085-B55D-ECE3C9077F0B}.Ad-Hoc|Any CPU.Deploy.0 = Ad-Hoc|iPhone
		{5E8A9E8B-AD0D-4085-B55D-ECE3C9077F0B}.Ad-Hoc|iPhone.ActiveCfg = Ad-Hoc|iPhone
		{5E8A9E8B-AD0D-4085-B55D-ECE3C9077F0B}.Ad-Hoc|iPhone.Build.0 = Ad-Hoc|iPhone
		{5E8A9E8B-AD0D-4085-B55D-ECE3C9077F0B}.Ad-Hoc|iPhone.Deploy.0 = Ad-Hoc|iPhone
		{5E8A9E8B-AD0D-4085-B55D-ECE3C9077F0B}.Ad-Hoc|iPhoneSimulator.ActiveCfg = Ad-Hoc|iPhoneSimulator
		{5E8A9E8B-AD0D-4085-B55D-ECE3C9077F0B}.Ad-Hoc|iPhoneSimulator.Build.0 = Ad-Hoc|iPhoneSimulator
		{5E8A9E8B-AD0D-4085-B55D-ECE3C9077F0B}.Ad-Hoc|iPhoneSimulator.Deploy.0 = Ad-Hoc|iPhoneSimulator
		{5E8A9E8B-AD0D-4085-B55D-ECE3C9077F0B}.AppStore|Any CPU.ActiveCfg = AppStore|iPhone
		{5E8A9E8B-AD0D-4085-B55D-ECE3C9077F0B}.AppStore|Any CPU.Build.0 = AppStore|iPhone
		{5E8A9E8B-AD0D-4085-B55D-ECE3C9077F0B}.AppStore|Any CPU.Deploy.0 = AppStore|iPhone
		{5E8A9E8B-AD0D-4085-B55D-ECE3C9077F0B}.AppStore|iPhone.ActiveCfg = AppStore|iPhone
		{5E8A9E8B-AD0D-4085-B55D-ECE3C9077F0B}.AppStore|iPhone.Build.0 = AppStore|iPhone
		{5E8A9E8B-AD0D-4085-B55D-ECE3C9077F0B}.AppStore|iPhone.Deploy.0 = AppStore|iPhone
		{5E8A9E8B-AD0D-4085-B55D-ECE3C9077F0B}.AppStore|iPhoneSimulator.ActiveCfg = AppStore|iPhoneSimulator
		{5E8A9E8B-AD0D-4085-B55D-ECE3C9077F0B}.AppStore|iPhoneSimulator.Build.0 = AppStore|iPhoneSimulator
		{5E8A9E8B-AD0D-4085-B55D-ECE3C9077F0B}.AppStore|iPhoneSimulator.Deploy.0 = AppStore|iPhoneSimulator
		{5E8A9E8B-AD0D-4085-B55D-ECE3C9077F0B}.Debug|Any CPU.ActiveCfg = Debug|iPhoneSimulator
		{5E8A9E8B-AD0D-4085-B55D-ECE3C9077F0B}.Debug|Any CPU.Build.0 = Debug|iPhoneSimulator
		{5E8A9E8B-AD0D-4085-B55D-ECE3C9077F0B}.Debug|Any CPU.Deploy.0 = Debug|iPhoneSimulator
		{5E8A9E8B-AD0D-4085-B55D-ECE3C9077F0B}.Debug|iPhone.ActiveCfg = Debug|iPhone
		{5E8A9E8B-AD0D-4085-B55D-ECE3C9077F0B}.Debug|iPhone.Build.0 = Debug|iPhone
		{5E8A9E8B-AD0D-4085-B55D-ECE3C9077F0B}.Debug|iPhone.Deploy.0 = Debug|iPhone
		{5E8A9E8B-AD0D-4085-B55D-ECE3C9077F0B}.Debug|iPhoneSimulator.ActiveCfg = Debug|iPhoneSimulator
		{5E8A9E8B-AD0D-4085-B55D-ECE3C9077F0B}.Debug|iPhoneSimulator.Build.0 = Debug|iPhoneSimulator
		{5E8A9E8B-AD0D-4085-B55D-ECE3C9077F0B}.Debug|iPhoneSimulator.Deploy.0 = Debug|iPhoneSimulator
		{5E8A9E8B-AD0D-4085-B55D-ECE3C9077F0B}.Release|Any CPU.ActiveCfg = Release|iPhone
		{5E8A9E8B-AD0D-4085-B55D-ECE3C9077F0B}.Release|Any CPU.Build.0 = Release|iPhone
		{5E8A9E8B-AD0D-4085-B55D-ECE3C9077F0B}.Release|Any CPU.Deploy.0 = Release|iPhone
		{5E8A9E8B-AD0D-4085-B55D-ECE3C9077F0B}.Release|iPhone.ActiveCfg = Release|iPhone
		{5E8A9E8B-AD0D-4085-B55D-ECE3C9077F0B}.Release|iPhone.Build.0 = Release|iPhone
		{5E8A9E8B-AD0D-4085-B55D-ECE3C9077F0B}.Release|iPhone.Deploy.0 = Release|iPhone
		{5E8A9E8B-AD0D-4085-B55D-ECE3C9077F0B}.Release|iPhoneSimulator.ActiveCfg = Release|iPhoneSimulator
		{5E8A9E8B-AD0D-4085-B55D-ECE3C9077F0B}.Release|iPhoneSimulator.Build.0 = Release|iPhoneSimulator
		{5E8A9E8B-AD0D-4085-B55D-ECE3C9077F0B}.Release|iPhoneSimulator.Deploy.0 = Release|iPhoneSimulator
		{C91135B8-58CC-4BFE-B70B-F96C53802C3B}.Ad-Hoc|Any CPU.ActiveCfg = Debug|Any CPU
		{C91135B8-58CC-4BFE-B70B-F96C53802C3B}.Ad-Hoc|Any CPU.Build.0 = Debug|Any CPU
		{C91135B8-58CC-4BFE-B70B-F96C53802C3B}.Ad-Hoc|Any CPU.Deploy.0 = Debug|Any CPU
		{C91135B8-58CC-4BFE-B70B-F96C53802C3B}.Ad-Hoc|iPhone.ActiveCfg = Debug|Any CPU
		{C91135B8-58CC-4BFE-B70B-F96C53802C3B}.Ad-Hoc|iPhone.Build.0 = Debug|Any CPU
		{C91135B8-58CC-4BFE-B70B-F96C53802C3B}.Ad-Hoc|iPhone.Deploy.0 = Debug|Any CPU
		{C91135B8-58CC-4BFE-B70B-F96C53802C3B}.Ad-Hoc|iPhoneSimulator.ActiveCfg = Debug|Any CPU
		{C91135B8-58CC-4BFE-B70B-F96C53802C3B}.Ad-Hoc|iPhoneSimulator.Build.0 = Debug|Any CPU
		{C91135B8-58CC-4BFE-B70B-F96C53802C3B}.Ad-Hoc|iPhoneSimulator.Deploy.0 = Debug|Any CPU
		{C91135B8-58CC-4BFE-B70B-F96C53802C3B}.AppStore|Any CPU.ActiveCfg = Debug|Any CPU
		{C91135B8-58CC-4BFE-B70B-F96C53802C3B}.AppStore|Any CPU.Build.0 = Debug|Any CPU
		{C91135B8-58CC-4BFE-B70B-F96C53802C3B}.AppStore|Any CPU.Deploy.0 = Debug|Any CPU
		{C91135B8-58CC-4BFE-B70B-F96C53802C3B}.AppStore|iPhone.ActiveCfg = Debug|Any CPU
		{C91135B8-58CC-4BFE-B70B-F96C53802C3B}.AppStore|iPhone.Build.0 = Debug|Any CPU
		{C91135B8-58CC-4BFE-B70B-F96C53802C3B}.AppStore|iPhone.Deploy.0 = Debug|Any CPU
		{C91135B8-58CC-4BFE-B70B-F96C53802C3B}.AppStore|iPhoneSimulator.ActiveCfg = Debug|Any CPU
		{C91135B8-58CC-4BFE-B70B-F96C53802C3B}.AppStore|iPhoneSimulator.Build.0 = Debug|Any CPU
		{C91135B8-58CC-4BFE-B70B-F96C53802C3B}.AppStore|iPhoneSimulator.Deploy.0 = Debug|Any CPU
		{C91135B8-58CC-4BFE-B70B-F96C53802C3B}.Debug|Any CPU.ActiveCfg = Debug|Any CPU
		{C91135B8-58CC-4BFE-B70B-F96C53802C3B}.Debug|Any CPU.Build.0 = Debug|Any CPU
		{C91135B8-58CC-4BFE-B70B-F96C53802C3B}.Debug|Any CPU.Deploy.0 = Debug|Any CPU
		{C91135B8-58CC-4BFE-B70B-F96C53802C3B}.Debug|iPhone.ActiveCfg = Debug|Any CPU
		{C91135B8-58CC-4BFE-B70B-F96C53802C3B}.Debug|iPhone.Build.0 = Debug|Any CPU
		{C91135B8-58CC-4BFE-B70B-F96C53802C3B}.Debug|iPhone.Deploy.0 = Debug|Any CPU
		{C91135B8-58CC-4BFE-B70B-F96C53802C3B}.Debug|iPhoneSimulator.ActiveCfg = Debug|Any CPU
		{C91135B8-58CC-4BFE-B70B-F96C53802C3B}.Debug|iPhoneSimulator.Build.0 = Debug|Any CPU
		{C91135B8-58CC-4BFE-B70B-F96C53802C3B}.Debug|iPhoneSimulator.Deploy.0 = Debug|Any CPU
		{C91135B8-58CC-4BFE-B70B-F96C53802C3B}.Release|Any CPU.ActiveCfg = Release|Any CPU
		{C91135B8-58CC-4BFE-B70B-F96C53802C3B}.Release|Any CPU.Build.0 = Release|Any CPU
		{C91135B8-58CC-4BFE-B70B-F96C53802C3B}.Release|Any CPU.Deploy.0 = Release|Any CPU
		{C91135B8-58CC-4BFE-B70B-F96C53802C3B}.Release|iPhone.ActiveCfg = Release|Any CPU
		{C91135B8-58CC-4BFE-B70B-F96C53802C3B}.Release|iPhone.Build.0 = Release|Any CPU
		{C91135B8-58CC-4BFE-B70B-F96C53802C3B}.Release|iPhone.Deploy.0 = Release|Any CPU
		{C91135B8-58CC-4BFE-B70B-F96C53802C3B}.Release|iPhoneSimulator.ActiveCfg = Release|Any CPU
		{C91135B8-58CC-4BFE-B70B-F96C53802C3B}.Release|iPhoneSimulator.Build.0 = Release|Any CPU
		{C91135B8-58CC-4BFE-B70B-F96C53802C3B}.Release|iPhoneSimulator.Deploy.0 = Release|Any CPU
	EndGlobalSection
	GlobalSection(SolutionProperties) = preSolution
		HideSolutionNode = FALSE
	EndGlobalSection
	GlobalSection(ExtensibilityGlobals) = postSolution
		SolutionGuid = {6F13D455-7F93-4469-B9D8-795ABEFADE0D}
	EndGlobalSection
EndGlobal
